{
  "name": "dayjsplugin",
  "version": "1.0.0",
  "lockfileVersion": 3,
  "requires": true,
  "packages": {
    "": {
      "name": "dayjsplugin",
      "version": "1.0.0",
      "license": "ISC",
      "dependencies": {
        "dayjs": "^1.11.10",
        "feiertagejs": "^1.4.0"
      }
    },
    "node_modules/dayjs": {
      "version": "1.11.10",
      "resolved": "https://registry.npmjs.org/dayjs/-/dayjs-1.11.10.tgz",
      "integrity": "sha512-vjAczensTgRcqDERK0SR2XMwsF/tSvnvlv6VcF2GIhg6Sx4yOIt/irsr1RDJsKiIyBzJDpCoXiWWq28MqH2cnQ=="
    },
    "node_modules/feiertagejs": {
      "version": "1.4.0",
      "resolved": "https://registry.npmjs.org/feiertagejs/-/feiertagejs-1.4.0.tgz",
      "integrity": "sha512-04oxk2oksavDs1eYewhqrJlnocWvI8a2i3S2oBZybjwRPTZv1A08sFnUnqExbp1JiVgukVaPZ3aqyVqmCJX7mw==",
      "engines": {
        "node": ">=8.0.0"
      }
    }
  }
}
